
Microsoft Visual Studio Solution File, Format Version 12.00
# Visual Studio Version 17
VisualStudioVersion = 17.8.34316.72
MinimumVisualStudioVersion = 10.0.40219.1
Project("{9A19103F-16F7-4668-BE54-9A1E7A4F7556}") = "Projekt1-MD-EP-BGM", "Projekt1-MD-EP-BGM\Projekt1-MD-EP-BGM.csproj", "{A6881D37-3803-448C-AEF6-82DAF1BF1B55}"
EndProject
Project("{FAE04EC0-301F-11D3-BF4B-00C04F79EFBC}") = "Projekt_Lib", "Projekt_Lib\Projekt_Lib.csproj", "{C6A79699-5EE4-4F21-9576-08AD89657BB1}"
EndProject
Global
	GlobalSection(SolutionConfigurationPlatforms) = preSolution
		Debug|Any CPU = Debug|Any CPU
		Release|Any CPU = Release|Any CPU
	EndGlobalSection
	GlobalSection(ProjectConfigurationPlatforms) = postSolution
		{A6881D37-3803-448C-AEF6-82DAF1BF1B55}.Debug|Any CPU.ActiveCfg = Debug|Any CPU
		{A6881D37-3803-448C-AEF6-82DAF1BF1B55}.Debug|Any CPU.Build.0 = Debug|Any CPU
		{A6881D37-3803-448C-AEF6-82DAF1BF1B55}.Release|Any CPU.ActiveCfg = Release|Any CPU
		{A6881D37-3803-448C-AEF6-82DAF1BF1B55}.Release|Any CPU.Build.0 = Release|Any CPU
		{C6A79699-5EE4-4F21-9576-08AD89657BB1}.Debug|Any CPU.ActiveCfg = Debug|Any CPU
		{C6A79699-5EE4-4F21-9576-08AD89657BB1}.Debug|Any CPU.Build.0 = Debug|Any CPU
		{C6A79699-5EE4-4F21-9576-08AD89657BB1}.Release|Any CPU.ActiveCfg = Release|Any CPU
		{C6A79699-5EE4-4F21-9576-08AD89657BB1}.Release|Any CPU.Build.0 = Release|Any CPU
	EndGlobalSection
	GlobalSection(SolutionProperties) = preSolution
		HideSolutionNode = FALSE
	EndGlobalSection
	GlobalSection(ExtensibilityGlobals) = postSolution
		SolutionGuid = {F4615BE8-7152-44EB-A8B5-7325D6AF6FFC}
	EndGlobalSection
EndGlobal
